
Microsoft Visual Studio Solution File, Format Version 12.00
# Visual Studio Version 16
VisualStudioVersion = 16.0.32126.315
MinimumVisualStudioVersion = 10.0.40219.1
Project("{FAE04EC0-301F-11D3-BF4B-00C04F79EFBC}") = "MVCDoctoresAWS", "MVCDoctoresAWS\MVCDoctoresAWS.csproj", "{5A70FB90-A128-4951-A4DB-F68ED91A9BFE}"
EndProject
Global
	GlobalSection(SolutionConfigurationPlatforms) = preSolution
		Debug|Any CPU = Debug|Any CPU
		Release|Any CPU = Release|Any CPU
	EndGlobalSection
	GlobalSection(ProjectConfigurationPlatforms) = postSolution
		{5A70FB90-A128-4951-A4DB-F68ED91A9BFE}.Debug|Any CPU.ActiveCfg = Debug|Any CPU
		{5A70FB90-A128-4951-A4DB-F68ED91A9BFE}.Debug|Any CPU.Build.0 = Debug|Any CPU
		{5A70FB90-A128-4951-A4DB-F68ED91A9BFE}.Release|Any CPU.ActiveCfg = Release|Any CPU
		{5A70FB90-A128-4951-A4DB-F68ED91A9BFE}.Release|Any CPU.Build.0 = Release|Any CPU
	EndGlobalSection
	GlobalSection(SolutionProperties) = preSolution
		HideSolutionNode = FALSE
	EndGlobalSection
	GlobalSection(ExtensibilityGlobals) = postSolution
		SolutionGuid = {90360D0C-F9D4-4FB7-A567-A4D6B09D7ECD}
	EndGlobalSection
EndGlobal
